
Microsoft Visual Studio Solution File, Format Version 12.00
# Visual Studio Version 17
VisualStudioVersion = 17.7.34031.279
MinimumVisualStudioVersion = 10.0.40219.1
Project("{FAE04EC0-301F-11D3-BF4B-00C04F79EFBC}") = "DACN-Quan-Ly-Kham-Chua-Benh", "DACN-Quan-Ly-Kham-Chua-Benh.csproj", "{F006F19E-6197-4544-A918-17F7C8A2E266}"
EndProject
Global
	GlobalSection(SolutionConfigurationPlatforms) = preSolution
		Debug|Any CPU = Debug|Any CPU
		Release|Any CPU = Release|Any CPU
	EndGlobalSection
	GlobalSection(ProjectConfigurationPlatforms) = postSolution
		{F006F19E-6197-4544-A918-17F7C8A2E266}.Debug|Any CPU.ActiveCfg = Debug|Any CPU
		{F006F19E-6197-4544-A918-17F7C8A2E266}.Debug|Any CPU.Build.0 = Debug|Any CPU
		{F006F19E-6197-4544-A918-17F7C8A2E266}.Release|Any CPU.ActiveCfg = Release|Any CPU
		{F006F19E-6197-4544-A918-17F7C8A2E266}.Release|Any CPU.Build.0 = Release|Any CPU
	EndGlobalSection
	GlobalSection(SolutionProperties) = preSolution
		HideSolutionNode = FALSE
	EndGlobalSection
	GlobalSection(ExtensibilityGlobals) = postSolution
		SolutionGuid = {CCAF181B-5B0B-423C-990A-B85E47C52583}
	EndGlobalSection
EndGlobal
